
Microsoft Visual Studio Solution File, Format Version 12.00
# Visual Studio 2012
Project("{FAE04EC0-301F-11D3-BF4B-00C04F79EFBC}") = "SiteRpcServer", "SiteRpcServer\SiteRpcServer.csproj", "{0EBDDC75-10B0-4A46-87A5-5438E4EA47DF}"
EndProject
Global
	GlobalSection(SolutionConfigurationPlatforms) = preSolution
		Debug|Any CPU = Debug|Any CPU
		Release|Any CPU = Release|Any CPU
	EndGlobalSection
	GlobalSection(ProjectConfigurationPlatforms) = postSolution
		{0EBDDC75-10B0-4A46-87A5-5438E4EA47DF}.Debug|Any CPU.ActiveCfg = Debug|Any CPU
		{0EBDDC75-10B0-4A46-87A5-5438E4EA47DF}.Debug|Any CPU.Build.0 = Debug|Any CPU
		{0EBDDC75-10B0-4A46-87A5-5438E4EA47DF}.Release|Any CPU.ActiveCfg = Release|Any CPU
		{0EBDDC75-10B0-4A46-87A5-5438E4EA47DF}.Release|Any CPU.Build.0 = Release|Any CPU
	EndGlobalSection
	GlobalSection(SolutionProperties) = preSolution
		HideSolutionNode = FALSE
	EndGlobalSection
EndGlobal
